
Microsoft Visual Studio Solution File, Format Version 12.00
# Visual Studio Version 17
VisualStudioVersion = 17.0.32112.339
MinimumVisualStudioVersion = 10.0.40219.1
Project("{FAE04EC0-301F-11D3-BF4B-00C04F79EFBC}") = "WebAPI", "WebAPI\WebAPI.csproj", "{27A5CF2A-E812-4D83-BE1A-5BA8C9E662A0}"
EndProject
Global
	GlobalSection(SolutionConfigurationPlatforms) = preSolution
		Debug|Any CPU = Debug|Any CPU
		Release|Any CPU = Release|Any CPU
	EndGlobalSection
	GlobalSection(ProjectConfigurationPlatforms) = postSolution
		{27A5CF2A-E812-4D83-BE1A-5BA8C9E662A0}.Debug|Any CPU.ActiveCfg = Debug|Any CPU
		{27A5CF2A-E812-4D83-BE1A-5BA8C9E662A0}.Debug|Any CPU.Build.0 = Debug|Any CPU
		{27A5CF2A-E812-4D83-BE1A-5BA8C9E662A0}.Release|Any CPU.ActiveCfg = Release|Any CPU
		{27A5CF2A-E812-4D83-BE1A-5BA8C9E662A0}.Release|Any CPU.Build.0 = Release|Any CPU
	EndGlobalSection
	GlobalSection(SolutionProperties) = preSolution
		HideSolutionNode = FALSE
	EndGlobalSection
	GlobalSection(ExtensibilityGlobals) = postSolution
		SolutionGuid = {CFB7C793-1C3C-47BD-94C4-E0FCB2E39417}
	EndGlobalSection
EndGlobal
